
Microsoft Visual Studio Solution File, Format Version 12.00
# Visual Studio Version 17
VisualStudioVersion = 17.9.34607.119
MinimumVisualStudioVersion = 10.0.40219.1
Project("{FAE04EC0-301F-11D3-BF4B-00C04F79EFBC}") = "KolkoKrzyzyk", "KolkoKrzyzyk\KolkoKrzyzyk.csproj", "{64B3763E-FC46-42D8-9D47-29AF73C26667}"
EndProject
Global
	GlobalSection(SolutionConfigurationPlatforms) = preSolution
		Debug|Any CPU = Debug|Any CPU
		Release|Any CPU = Release|Any CPU
	EndGlobalSection
	GlobalSection(ProjectConfigurationPlatforms) = postSolution
		{64B3763E-FC46-42D8-9D47-29AF73C26667}.Debug|Any CPU.ActiveCfg = Debug|Any CPU
		{64B3763E-FC46-42D8-9D47-29AF73C26667}.Debug|Any CPU.Build.0 = Debug|Any CPU
		{64B3763E-FC46-42D8-9D47-29AF73C26667}.Release|Any CPU.ActiveCfg = Release|Any CPU
		{64B3763E-FC46-42D8-9D47-29AF73C26667}.Release|Any CPU.Build.0 = Release|Any CPU
	EndGlobalSection
	GlobalSection(SolutionProperties) = preSolution
		HideSolutionNode = FALSE
	EndGlobalSection
	GlobalSection(ExtensibilityGlobals) = postSolution
		SolutionGuid = {15EF108E-6530-4C4C-910B-165FD3EAF914}
	EndGlobalSection
EndGlobal
